// !$*UTF8*$!
{
	archiveVersion = 1;
	classes = {
	};
	objectVersion = 56;
	objects = {

/* Begin PBXBuildFile section */
		B903F82729B51A6700208830 /* LargeWidget.swift in Sources */ = {isa = PBXBuildFile; fileRef = B903F82629B51A6700208830 /* LargeWidget.swift */; };
		B90CE84E29CE386A00E1723B /* LockScreenWidgets.swift in Sources */ = {isa = PBXBuildFile; fileRef = B90CE84C29CE386A00E1723B /* LockScreenWidgets.swift */; };
		B95DBD0A29C6AADB006A6ADD /* SelectRepoIntent.intentdefinition in Sources */ = {isa = PBXBuildFile; fileRef = B95DBD0929C6AADB006A6ADD /* SelectRepoIntent.intentdefinition */; };
		B95DBD0B29C6AADB006A6ADD /* SelectRepoIntent.intentdefinition in Sources */ = {isa = PBXBuildFile; fileRef = B95DBD0929C6AADB006A6ADD /* SelectRepoIntent.intentdefinition */; };
		B95DBD1129C6AC26006A6ADD /* Intents.framework in Frameworks */ = {isa = PBXBuildFile; fileRef = B963F74129BD3CD100E0F75D /* Intents.framework */; };
		B95DBD1429C6AC26006A6ADD /* IntentHandler.swift in Sources */ = {isa = PBXBuildFile; fileRef = B95DBD1329C6AC26006A6ADD /* IntentHandler.swift */; };
		B95DBD1829C6AC26006A6ADD /* RepoWatcherIntents.appex in Embed Foundation Extensions */ = {isa = PBXBuildFile; fileRef = B95DBD1029C6AC26006A6ADD /* RepoWatcherIntents.appex */; settings = {ATTRIBUTES = (RemoveHeadersOnCopy, ); }; };
		B95DBD1D29C6ADA3006A6ADD /* SelectRepoIntent.intentdefinition in Sources */ = {isa = PBXBuildFile; fileRef = B95DBD0929C6AADB006A6ADD /* SelectRepoIntent.intentdefinition */; };
		B95DBD1E29C6AED3006A6ADD /* UserDefaults+Ext.swift in Sources */ = {isa = PBXBuildFile; fileRef = B9FCCAD029C4EA1C00D69676 /* UserDefaults+Ext.swift */; };
		B9CAA56029B56998004246A8 /* TopContributorsView.swift in Sources */ = {isa = PBXBuildFile; fileRef = B9CAA55F29B56998004246A8 /* TopContributorsView.swift */; };
		B9CAA56429B57070004246A8 /* Contributor.swift in Sources */ = {isa = PBXBuildFile; fileRef = B9CAA56329B57070004246A8 /* Contributor.swift */; };
		B9CAA56529B57070004246A8 /* Contributor.swift in Sources */ = {isa = PBXBuildFile; fileRef = B9CAA56329B57070004246A8 /* Contributor.swift */; };
		B9CAA56629B674BD004246A8 /* Assets.xcassets in Resources */ = {isa = PBXBuildFile; fileRef = B9F7281829AFE49E007E8264 /* Assets.xcassets */; };
		B9CAA56929B682E5004246A8 /* SmallWidget.swift in Sources */ = {isa = PBXBuildFile; fileRef = B9CAA56729B682E5004246A8 /* SmallWidget.swift */; };
		B9CAA56C29B6852C004246A8 /* LastUpdateView.swift in Sources */ = {isa = PBXBuildFile; fileRef = B9CAA56A29B6852C004246A8 /* LastUpdateView.swift */; };
		B9F7281529AFE49E007E8264 /* RepoWatcherApp.swift in Sources */ = {isa = PBXBuildFile; fileRef = B9F7281429AFE49E007E8264 /* RepoWatcherApp.swift */; };
		B9F7281729AFE49E007E8264 /* RepoListView.swift in Sources */ = {isa = PBXBuildFile; fileRef = B9F7281629AFE49E007E8264 /* RepoListView.swift */; };
		B9F7281929AFE49E007E8264 /* Assets.xcassets in Resources */ = {isa = PBXBuildFile; fileRef = B9F7281829AFE49E007E8264 /* Assets.xcassets */; };
		B9F7282929AFE5AA007E8264 /* WidgetKit.framework in Frameworks */ = {isa = PBXBuildFile; fileRef = B9F7282829AFE5AA007E8264 /* WidgetKit.framework */; };
		B9F7282B29AFE5AA007E8264 /* SwiftUI.framework in Frameworks */ = {isa = PBXBuildFile; fileRef = B9F7282A29AFE5AA007E8264 /* SwiftUI.framework */; };
		B9F7282E29AFE5AA007E8264 /* RepoWatcherWidgetBundle.swift in Sources */ = {isa = PBXBuildFile; fileRef = B9F7282D29AFE5AA007E8264 /* RepoWatcherWidgetBundle.swift */; };
		B9F7283029AFE5AA007E8264 /* MediumWidget.swift in Sources */ = {isa = PBXBuildFile; fileRef = B9F7282F29AFE5AA007E8264 /* MediumWidget.swift */; };
		B9F7283229AFE5AA007E8264 /* Assets.xcassets in Resources */ = {isa = PBXBuildFile; fileRef = B9F7283129AFE5AA007E8264 /* Assets.xcassets */; };
		B9F7283629AFE5AA007E8264 /* RepoWatcherWidgetExtension.appex in Embed Foundation Extensions */ = {isa = PBXBuildFile; fileRef = B9F7282629AFE5AA007E8264 /* RepoWatcherWidgetExtension.appex */; settings = {ATTRIBUTES = (RemoveHeadersOnCopy, ); }; };
		B9F7283C29B14D98007E8264 /* Repository.swift in Sources */ = {isa = PBXBuildFile; fileRef = B9F7283B29B14D98007E8264 /* Repository.swift */; };
		B9F7283D29B14D98007E8264 /* Repository.swift in Sources */ = {isa = PBXBuildFile; fileRef = B9F7283B29B14D98007E8264 /* Repository.swift */; };
		B9F7283F29B1C09F007E8264 /* NetworkManager.swift in Sources */ = {isa = PBXBuildFile; fileRef = B9F7283E29B1C09F007E8264 /* NetworkManager.swift */; };
		B9F7284029B1C09F007E8264 /* NetworkManager.swift in Sources */ = {isa = PBXBuildFile; fileRef = B9F7283E29B1C09F007E8264 /* NetworkManager.swift */; };
		B9F7284329B1CE17007E8264 /* SwiftUIBuddy in Frameworks */ = {isa = PBXBuildFile; productRef = B9F7284229B1CE17007E8264 /* SwiftUIBuddy */; };
		B9F7284829B401F0007E8264 /* RepoStatsView.swift in Sources */ = {isa = PBXBuildFile; fileRef = B9F7284729B401F0007E8264 /* RepoStatsView.swift */; };
		B9FCCAD129C4EA1C00D69676 /* UserDefaults+Ext.swift in Sources */ = {isa = PBXBuildFile; fileRef = B9FCCAD029C4EA1C00D69676 /* UserDefaults+Ext.swift */; };
		B9FCCAD329C51CE000D69676 /* RepoListViewModel.swift in Sources */ = {isa = PBXBuildFile; fileRef = B9FCCAD229C51CE000D69676 /* RepoListViewModel.swift */; };
/* End PBXBuildFile section */

/* Begin PBXContainerItemProxy section */
		B95DBD1629C6AC26006A6ADD /* PBXContainerItemProxy */ = {
			isa = PBXContainerItemProxy;
			containerPortal = B9F7280929AFE49E007E8264 /* Project object */;
			proxyType = 1;
			remoteGlobalIDString = B95DBD0F29C6AC26006A6ADD;
			remoteInfo = RepoWatcherIntents;
		};
		B9F7283429AFE5AA007E8264 /* PBXContainerItemProxy */ = {
			isa = PBXContainerItemProxy;
			containerPortal = B9F7280929AFE49E007E8264 /* Project object */;
			proxyType = 1;
			remoteGlobalIDString = B9F7282529AFE5AA007E8264;
			remoteInfo = RepoWatcherWidgetExtension;
		};
/* End PBXContainerItemProxy section */

/* Begin PBXCopyFilesBuildPhase section */
		B9F7283A29AFE5AA007E8264 /* Embed Foundation Extensions */ = {
			isa = PBXCopyFilesBuildPhase;
			buildActionMask = 2147483647;
			dstPath = "";
			dstSubfolderSpec = 13;
			files = (
				B9F7283629AFE5AA007E8264 /* RepoWatcherWidgetExtension.appex in Embed Foundation Extensions */,
				B95DBD1829C6AC26006A6ADD /* RepoWatcherIntents.appex in Embed Foundation Extensions */,
			);
			name = "Embed Foundation Extensions";
			runOnlyForDeploymentPostprocessing = 0;
		};
/* End PBXCopyFilesBuildPhase section */

/* Begin PBXFileReference section */
		B903F82629B51A6700208830 /* LargeWidget.swift */ = {isa = PBXFileReference; lastKnownFileType = sourcecode.swift; path = LargeWidget.swift; sourceTree = "<group>"; };
		B90CE84C29CE386A00E1723B /* LockScreenWidgets.swift */ = {isa = PBXFileReference; lastKnownFileType = sourcecode.swift; path = LockScreenWidgets.swift; sourceTree = "<group>"; };
		B95DBD0929C6AADB006A6ADD /* SelectRepoIntent.intentdefinition */ = {isa = PBXFileReference; lastKnownFileType = file.intentdefinition; path = SelectRepoIntent.intentdefinition; sourceTree = "<group>"; };
		B95DBD1029C6AC26006A6ADD /* RepoWatcherIntents.appex */ = {isa = PBXFileReference; explicitFileType = "wrapper.app-extension"; includeInIndex = 0; path = RepoWatcherIntents.appex; sourceTree = BUILT_PRODUCTS_DIR; };
		B95DBD1329C6AC26006A6ADD /* IntentHandler.swift */ = {isa = PBXFileReference; lastKnownFileType = sourcecode.swift; path = IntentHandler.swift; sourceTree = "<group>"; };
		B95DBD1529C6AC26006A6ADD /* Info.plist */ = {isa = PBXFileReference; lastKnownFileType = text.plist.xml; path = Info.plist; sourceTree = "<group>"; };
		B95DBD1C29C6AC54006A6ADD /* RepoWatcherIntents.entitlements */ = {isa = PBXFileReference; lastKnownFileType = text.plist.entitlements; path = RepoWatcherIntents.entitlements; sourceTree = "<group>"; };
		B963F73729BD350400E0F75D /* Info.plist */ = {isa = PBXFileReference; lastKnownFileType = text.plist; path = Info.plist; sourceTree = "<group>"; };
		B963F74129BD3CD100E0F75D /* Intents.framework */ = {isa = PBXFileReference; lastKnownFileType = wrapper.framework; name = Intents.framework; path = System/Library/Frameworks/Intents.framework; sourceTree = SDKROOT; };
		B9CAA55F29B56998004246A8 /* TopContributorsView.swift */ = {isa = PBXFileReference; lastKnownFileType = sourcecode.swift; path = TopContributorsView.swift; sourceTree = "<group>"; };
		B9CAA56329B57070004246A8 /* Contributor.swift */ = {isa = PBXFileReference; lastKnownFileType = sourcecode.swift; path = Contributor.swift; sourceTree = "<group>"; };
		B9CAA56729B682E5004246A8 /* SmallWidget.swift */ = {isa = PBXFileReference; lastKnownFileType = sourcecode.swift; path = SmallWidget.swift; sourceTree = "<group>"; };
		B9CAA56A29B6852C004246A8 /* LastUpdateView.swift */ = {isa = PBXFileReference; lastKnownFileType = sourcecode.swift; path = LastUpdateView.swift; sourceTree = "<group>"; };
		B9F7281129AFE49E007E8264 /* RepoWatcher.app */ = {isa = PBXFileReference; explicitFileType = wrapper.application; includeInIndex = 0; path = RepoWatcher.app; sourceTree = BUILT_PRODUCTS_DIR; };
		B9F7281429AFE49E007E8264 /* RepoWatcherApp.swift */ = {isa = PBXFileReference; lastKnownFileType = sourcecode.swift; path = RepoWatcherApp.swift; sourceTree = "<group>"; };
		B9F7281629AFE49E007E8264 /* RepoListView.swift */ = {isa = PBXFileReference; lastKnownFileType = sourcecode.swift; path = RepoListView.swift; sourceTree = "<group>"; };
		B9F7281829AFE49E007E8264 /* Assets.xcassets */ = {isa = PBXFileReference; lastKnownFileType = folder.assetcatalog; path = Assets.xcassets; sourceTree = "<group>"; };
		B9F7282629AFE5AA007E8264 /* RepoWatcherWidgetExtension.appex */ = {isa = PBXFileReference; explicitFileType = "wrapper.app-extension"; includeInIndex = 0; path = RepoWatcherWidgetExtension.appex; sourceTree = BUILT_PRODUCTS_DIR; };
		B9F7282829AFE5AA007E8264 /* WidgetKit.framework */ = {isa = PBXFileReference; lastKnownFileType = wrapper.framework; name = WidgetKit.framework; path = System/Library/Frameworks/WidgetKit.framework; sourceTree = SDKROOT; };
		B9F7282A29AFE5AA007E8264 /* SwiftUI.framework */ = {isa = PBXFileReference; lastKnownFileType = wrapper.framework; name = SwiftUI.framework; path = System/Library/Frameworks/SwiftUI.framework; sourceTree = SDKROOT; };
		B9F7282D29AFE5AA007E8264 /* RepoWatcherWidgetBundle.swift */ = {isa = PBXFileReference; lastKnownFileType = sourcecode.swift; path = RepoWatcherWidgetBundle.swift; sourceTree = "<group>"; };
		B9F7282F29AFE5AA007E8264 /* MediumWidget.swift */ = {isa = PBXFileReference; lastKnownFileType = sourcecode.swift; path = MediumWidget.swift; sourceTree = "<group>"; };
		B9F7283129AFE5AA007E8264 /* Assets.xcassets */ = {isa = PBXFileReference; lastKnownFileType = folder.assetcatalog; path = Assets.xcassets; sourceTree = "<group>"; };
		B9F7283329AFE5AA007E8264 /* Info.plist */ = {isa = PBXFileReference; lastKnownFileType = text.plist.xml; path = Info.plist; sourceTree = "<group>"; };
		B9F7283B29B14D98007E8264 /* Repository.swift */ = {isa = PBXFileReference; lastKnownFileType = sourcecode.swift; path = Repository.swift; sourceTree = "<group>"; };
		B9F7283E29B1C09F007E8264 /* NetworkManager.swift */ = {isa = PBXFileReference; lastKnownFileType = sourcecode.swift; path = NetworkManager.swift; sourceTree = "<group>"; };
		B9F7284729B401F0007E8264 /* RepoStatsView.swift */ = {isa = PBXFileReference; lastKnownFileType = sourcecode.swift; path = RepoStatsView.swift; sourceTree = "<group>"; };
		B9FCCACE29C4E98500D69676 /* RepoWatcher.entitlements */ = {isa = PBXFileReference; lastKnownFileType = text.plist.entitlements; path = RepoWatcher.entitlements; sourceTree = "<group>"; };
		B9FCCAD029C4EA1C00D69676 /* UserDefaults+Ext.swift */ = {isa = PBXFileReference; lastKnownFileType = sourcecode.swift; path = "UserDefaults+Ext.swift"; sourceTree = "<group>"; };
		B9FCCAD229C51CE000D69676 /* RepoListViewModel.swift */ = {isa = PBXFileReference; lastKnownFileType = sourcecode.swift; path = RepoListViewModel.swift; sourceTree = "<group>"; };
/* End PBXFileReference section */

/* Begin PBXFrameworksBuildPhase section */
		B95DBD0D29C6AC26006A6ADD /* Frameworks */ = {
			isa = PBXFrameworksBuildPhase;
			buildActionMask = 2147483647;
			files = (
				B95DBD1129C6AC26006A6ADD /* Intents.framework in Frameworks */,
			);
			runOnlyForDeploymentPostprocessing = 0;
		};
		B9F7280E29AFE49E007E8264 /* Frameworks */ = {
			isa = PBXFrameworksBuildPhase;
			buildActionMask = 2147483647;
			files = (
				B9F7284329B1CE17007E8264 /* SwiftUIBuddy in Frameworks */,
			);
			runOnlyForDeploymentPostprocessing = 0;
		};
		B9F7282329AFE5AA007E8264 /* Frameworks */ = {
			isa = PBXFrameworksBuildPhase;
			buildActionMask = 2147483647;
			files = (
				B9F7282B29AFE5AA007E8264 /* SwiftUI.framework in Frameworks */,
				B9F7282929AFE5AA007E8264 /* WidgetKit.framework in Frameworks */,
			);
			runOnlyForDeploymentPostprocessing = 0;
		};
/* End PBXFrameworksBuildPhase section */

/* Begin PBXGroup section */
		B903F82529B51A3600208830 /* Widgets */ = {
			isa = PBXGroup;
			children = (
				B9CAA56729B682E5004246A8 /* SmallWidget.swift */,
				B9F7282F29AFE5AA007E8264 /* MediumWidget.swift */,
				B903F82629B51A6700208830 /* LargeWidget.swift */,
				B90CE84C29CE386A00E1723B /* LockScreenWidgets.swift */,
			);
			path = Widgets;
			sourceTree = "<group>";
		};
		B95DBD1229C6AC26006A6ADD /* RepoWatcherIntents */ = {
			isa = PBXGroup;
			children = (
				B95DBD1C29C6AC54006A6ADD /* RepoWatcherIntents.entitlements */,
				B95DBD0929C6AADB006A6ADD /* SelectRepoIntent.intentdefinition */,
				B95DBD1329C6AC26006A6ADD /* IntentHandler.swift */,
				B95DBD1529C6AC26006A6ADD /* Info.plist */,
			);
			path = RepoWatcherIntents;
			sourceTree = "<group>";
		};
		B9CAA56129B5703B004246A8 /* Managers */ = {
			isa = PBXGroup;
			children = (
				B9F7283E29B1C09F007E8264 /* NetworkManager.swift */,
			);
			path = Managers;
			sourceTree = "<group>";
		};
		B9CAA56229B57046004246A8 /* Model */ = {
			isa = PBXGroup;
			children = (
				B9F7283B29B14D98007E8264 /* Repository.swift */,
				B9CAA56329B57070004246A8 /* Contributor.swift */,
			);
			path = Model;
			sourceTree = "<group>";
		};
		B9F7280829AFE49E007E8264 = {
			isa = PBXGroup;
			children = (
				B9F7281329AFE49E007E8264 /* RepoWatcher */,
				B9F7282C29AFE5AA007E8264 /* RepoWatcherWidget */,
				B95DBD1229C6AC26006A6ADD /* RepoWatcherIntents */,
				B9F7282729AFE5AA007E8264 /* Frameworks */,
				B9F7281229AFE49E007E8264 /* Products */,
			);
			sourceTree = "<group>";
		};
		B9F7281229AFE49E007E8264 /* Products */ = {
			isa = PBXGroup;
			children = (
				B9F7281129AFE49E007E8264 /* RepoWatcher.app */,
				B9F7282629AFE5AA007E8264 /* RepoWatcherWidgetExtension.appex */,
				B95DBD1029C6AC26006A6ADD /* RepoWatcherIntents.appex */,
			);
			name = Products;
			sourceTree = "<group>";
		};
		B9F7281329AFE49E007E8264 /* RepoWatcher */ = {
			isa = PBXGroup;
			children = (
				B9FCCACE29C4E98500D69676 /* RepoWatcher.entitlements */,
				B963F73729BD350400E0F75D /* Info.plist */,
				B9F7281429AFE49E007E8264 /* RepoWatcherApp.swift */,
				B9F7281629AFE49E007E8264 /* RepoListView.swift */,
				B9FCCAD229C51CE000D69676 /* RepoListViewModel.swift */,
				B9CAA56229B57046004246A8 /* Model */,
				B9CAA56129B5703B004246A8 /* Managers */,
				B9FCCACF29C4EA0C00D69676 /* Extensions */,
				B9F7281829AFE49E007E8264 /* Assets.xcassets */,
			);
			path = RepoWatcher;
			sourceTree = "<group>";
		};
		B9F7282729AFE5AA007E8264 /* Frameworks */ = {
			isa = PBXGroup;
			children = (
				B9F7282829AFE5AA007E8264 /* WidgetKit.framework */,
				B9F7282A29AFE5AA007E8264 /* SwiftUI.framework */,
				B963F74129BD3CD100E0F75D /* Intents.framework */,
			);
			name = Frameworks;
			sourceTree = "<group>";
		};
		B9F7282C29AFE5AA007E8264 /* RepoWatcherWidget */ = {
			isa = PBXGroup;
			children = (
				B9F7282D29AFE5AA007E8264 /* RepoWatcherWidgetBundle.swift */,
				B903F82529B51A3600208830 /* Widgets */,
				B9F7284629B401C2007E8264 /* Components */,
				B9F7283129AFE5AA007E8264 /* Assets.xcassets */,
				B9F7283329AFE5AA007E8264 /* Info.plist */,
			);
			path = RepoWatcherWidget;
			sourceTree = "<group>";
		};
		B9F7284629B401C2007E8264 /* Components */ = {
			isa = PBXGroup;
			children = (
				B9CAA56A29B6852C004246A8 /* LastUpdateView.swift */,
				B9F7284729B401F0007E8264 /* RepoStatsView.swift */,
				B9CAA55F29B56998004246A8 /* TopContributorsView.swift */,
			);
			path = Components;
			sourceTree = "<group>";
		};
		B9FCCACF29C4EA0C00D69676 /* Extensions */ = {
			isa = PBXGroup;
			children = (
				B9FCCAD029C4EA1C00D69676 /* UserDefaults+Ext.swift */,
			);
			path = Extensions;
			sourceTree = "<group>";
		};
/* End PBXGroup section */

/* Begin PBXNativeTarget section */
		B95DBD0F29C6AC26006A6ADD /* RepoWatcherIntents */ = {
			isa = PBXNativeTarget;
			buildConfigurationList = B95DBD1929C6AC26006A6ADD /* Build configuration list for PBXNativeTarget "RepoWatcherIntents" */;
			buildPhases = (
				B95DBD0C29C6AC26006A6ADD /* Sources */,
				B95DBD0D29C6AC26006A6ADD /* Frameworks */,
				B95DBD0E29C6AC26006A6ADD /* Resources */,
			);
			buildRules = (
			);
			dependencies = (
			);
			name = RepoWatcherIntents;
			productName = RepoWatcherIntents;
			productReference = B95DBD1029C6AC26006A6ADD /* RepoWatcherIntents.appex */;
			productType = "com.apple.product-type.app-extension";
		};
		B9F7281029AFE49E007E8264 /* RepoWatcher */ = {
			isa = PBXNativeTarget;
			buildConfigurationList = B9F7281F29AFE49E007E8264 /* Build configuration list for PBXNativeTarget "RepoWatcher" */;
			buildPhases = (
				B9F7280D29AFE49E007E8264 /* Sources */,
				B9F7280E29AFE49E007E8264 /* Frameworks */,
				B9F7280F29AFE49E007E8264 /* Resources */,
				B9F7283A29AFE5AA007E8264 /* Embed Foundation Extensions */,
			);
			buildRules = (
			);
			dependencies = (
				B9F7283529AFE5AA007E8264 /* PBXTargetDependency */,
				B95DBD1729C6AC26006A6ADD /* PBXTargetDependency */,
			);
			name = RepoWatcher;
			packageProductDependencies = (
				B9F7284229B1CE17007E8264 /* SwiftUIBuddy */,
			);
			productName = RepoWatcher;
			productReference = B9F7281129AFE49E007E8264 /* RepoWatcher.app */;
			productType = "com.apple.product-type.application";
		};
		B9F7282529AFE5AA007E8264 /* RepoWatcherWidgetExtension */ = {
			isa = PBXNativeTarget;
			buildConfigurationList = B9F7283729AFE5AA007E8264 /* Build configuration list for PBXNativeTarget "RepoWatcherWidgetExtension" */;
			buildPhases = (
				B9F7282229AFE5AA007E8264 /* Sources */,
				B9F7282329AFE5AA007E8264 /* Frameworks */,
				B9F7282429AFE5AA007E8264 /* Resources */,
			);
			buildRules = (
			);
			dependencies = (
			);
			name = RepoWatcherWidgetExtension;
			productName = RepoWatcherWidgetExtension;
			productReference = B9F7282629AFE5AA007E8264 /* RepoWatcherWidgetExtension.appex */;
			productType = "com.apple.product-type.app-extension";
		};
/* End PBXNativeTarget section */

/* Begin PBXProject section */
		B9F7280929AFE49E007E8264 /* Project object */ = {
			isa = PBXProject;
			attributes = {
				BuildIndependentTargetsInParallel = 1;
				LastSwiftUpdateCheck = 1420;
				LastUpgradeCheck = 1420;
				TargetAttributes = {
					B95DBD0F29C6AC26006A6ADD = {
						CreatedOnToolsVersion = 14.2;
					};
					B9F7281029AFE49E007E8264 = {
						CreatedOnToolsVersion = 14.2;
					};
					B9F7282529AFE5AA007E8264 = {
						CreatedOnToolsVersion = 14.2;
					};
				};
			};
			buildConfigurationList = B9F7280C29AFE49E007E8264 /* Build configuration list for PBXProject "RepoWatcher" */;
			compatibilityVersion = "Xcode 14.0";
			developmentRegion = en;
			hasScannedForEncodings = 0;
			knownRegions = (
				en,
				Base,
			);
			mainGroup = B9F7280829AFE49E007E8264;
			packageReferences = (
				B9F7284129B1CE17007E8264 /* XCRemoteSwiftPackageReference "SwiftUIBuddy" */,
			);
			productRefGroup = B9F7281229AFE49E007E8264 /* Products */;
			projectDirPath = "";
			projectRoot = "";
			targets = (
				B9F7281029AFE49E007E8264 /* RepoWatcher */,
				B9F7282529AFE5AA007E8264 /* RepoWatcherWidgetExtension */,
				B95DBD0F29C6AC26006A6ADD /* RepoWatcherIntents */,
			);
		};
/* End PBXProject section */

/* Begin PBXResourcesBuildPhase section */
		B95DBD0E29C6AC26006A6ADD /* Resources */ = {
			isa = PBXResourcesBuildPhase;
			buildActionMask = 2147483647;
			files = (
			);
			runOnlyForDeploymentPostprocessing = 0;
		};
		B9F7280F29AFE49E007E8264 /* Resources */ = {
			isa = PBXResourcesBuildPhase;
			buildActionMask = 2147483647;
			files = (
				B9F7281929AFE49E007E8264 /* Assets.xcassets in Resources */,
			);
			runOnlyForDeploymentPostprocessing = 0;
		};
		B9F7282429AFE5AA007E8264 /* Resources */ = {
			isa = PBXResourcesBuildPhase;
			buildActionMask = 2147483647;
			files = (
				B9CAA56629B674BD004246A8 /* Assets.xcassets in Resources */,
				B9F7283229AFE5AA007E8264 /* Assets.xcassets in Resources */,
			);
			runOnlyForDeploymentPostprocessing = 0;
		};
/* End PBXResourcesBuildPhase section */

/* Begin PBXSourcesBuildPhase section */
		B95DBD0C29C6AC26006A6ADD /* Sources */ = {
			isa = PBXSourcesBuildPhase;
			buildActionMask = 2147483647;
			files = (
				B95DBD1D29C6ADA3006A6ADD /* SelectRepoIntent.intentdefinition in Sources */,
				B95DBD1429C6AC26006A6ADD /* IntentHandler.swift in Sources */,
				B95DBD1E29C6AED3006A6ADD /* UserDefaults+Ext.swift in Sources */,
			);
			runOnlyForDeploymentPostprocessing = 0;
		};
		B9F7280D29AFE49E007E8264 /* Sources */ = {
			isa = PBXSourcesBuildPhase;
			buildActionMask = 2147483647;
			files = (
				B9F7283F29B1C09F007E8264 /* NetworkManager.swift in Sources */,
				B9CAA56429B57070004246A8 /* Contributor.swift in Sources */,
				B9FCCAD129C4EA1C00D69676 /* UserDefaults+Ext.swift in Sources */,
				B9FCCAD329C51CE000D69676 /* RepoListViewModel.swift in Sources */,
				B9F7281729AFE49E007E8264 /* RepoListView.swift in Sources */,
				B9F7281529AFE49E007E8264 /* RepoWatcherApp.swift in Sources */,
				B95DBD0A29C6AADB006A6ADD /* SelectRepoIntent.intentdefinition in Sources */,
				B9F7283C29B14D98007E8264 /* Repository.swift in Sources */,
			);
			runOnlyForDeploymentPostprocessing = 0;
		};
		B9F7282229AFE5AA007E8264 /* Sources */ = {
			isa = PBXSourcesBuildPhase;
			buildActionMask = 2147483647;
			files = (
				B95DBD0B29C6AADB006A6ADD /* SelectRepoIntent.intentdefinition in Sources */,
				B9F7284029B1C09F007E8264 /* NetworkManager.swift in Sources */,
				B903F82729B51A6700208830 /* LargeWidget.swift in Sources */,
				B9CAA56929B682E5004246A8 /* SmallWidget.swift in Sources */,
				B9F7283029AFE5AA007E8264 /* MediumWidget.swift in Sources */,
				B9F7284829B401F0007E8264 /* RepoStatsView.swift in Sources */,
				B90CE84E29CE386A00E1723B /* LockScreenWidgets.swift in Sources */,
				B9CAA56C29B6852C004246A8 /* LastUpdateView.swift in Sources */,
				B9F7282E29AFE5AA007E8264 /* RepoWatcherWidgetBundle.swift in Sources */,
				B9F7283D29B14D98007E8264 /* Repository.swift in Sources */,
				B9CAA56029B56998004246A8 /* TopContributorsView.swift in Sources */,
				B9CAA56529B57070004246A8 /* Contributor.swift in Sources */,
			);
			runOnlyForDeploymentPostprocessing = 0;
		};
/* End PBXSourcesBuildPhase section */

/* Begin PBXTargetDependency section */
		B95DBD1729C6AC26006A6ADD /* PBXTargetDependency */ = {
			isa = PBXTargetDependency;
			target = B95DBD0F29C6AC26006A6ADD /* RepoWatcherIntents */;
			targetProxy = B95DBD1629C6AC26006A6ADD /* PBXContainerItemProxy */;
		};
		B9F7283529AFE5AA007E8264 /* PBXTargetDependency */ = {
			isa = PBXTargetDependency;
			target = B9F7282529AFE5AA007E8264 /* RepoWatcherWidgetExtension */;
			targetProxy = B9F7283429AFE5AA007E8264 /* PBXContainerItemProxy */;
		};
/* End PBXTargetDependency section */

/* Begin XCBuildConfiguration section */
		B95DBD1A29C6AC26006A6ADD /* Debug */ = {
			isa = XCBuildConfiguration;
			buildSettings = {
				CODE_SIGN_ENTITLEMENTS = RepoWatcherIntents/RepoWatcherIntents.entitlements;
				CODE_SIGN_STYLE = Automatic;
				CURRENT_PROJECT_VERSION = 1;
				DEVELOPMENT_TEAM = 6ADU7T5Q7V;
				GENERATE_INFOPLIST_FILE = YES;
				INFOPLIST_FILE = RepoWatcherIntents/Info.plist;
				INFOPLIST_KEY_CFBundleDisplayName = RepoWatcherIntents;
				INFOPLIST_KEY_NSHumanReadableCopyright = "";
				LD_RUNPATH_SEARCH_PATHS = (
					"$(inherited)",
					"@executable_path/Frameworks",
					"@executable_path/../../Frameworks",
				);
				MARKETING_VERSION = 1.0;
				PRODUCT_BUNDLE_IDENTIFIER = com.daniel.RepoWatcher.RepoWatcherIntents;
				PRODUCT_NAME = "$(TARGET_NAME)";
				SKIP_INSTALL = YES;
				SWIFT_EMIT_LOC_STRINGS = YES;
				SWIFT_VERSION = 5.0;
				TARGETED_DEVICE_FAMILY = "1,2";
			};
			name = Debug;
		};
		B95DBD1B29C6AC26006A6ADD /* Release */ = {
			isa = XCBuildConfiguration;
			buildSettings = {
				CODE_SIGN_ENTITLEMENTS = RepoWatcherIntents/RepoWatcherIntents.entitlements;
				CODE_SIGN_STYLE = Automatic;
				CURRENT_PROJECT_VERSION = 1;
				DEVELOPMENT_TEAM = 6ADU7T5Q7V;
				GENERATE_INFOPLIST_FILE = YES;
				INFOPLIST_FILE = RepoWatcherIntents/Info.plist;
				INFOPLIST_KEY_CFBundleDisplayName = RepoWatcherIntents;
				INFOPLIST_KEY_NSHumanReadableCopyright = "";
				LD_RUNPATH_SEARCH_PATHS = (
					"$(inherited)",
					"@executable_path/Frameworks",
					"@executable_path/../../Frameworks",
				);
				MARKETING_VERSION = 1.0;
				PRODUCT_BUNDLE_IDENTIFIER = com.daniel.RepoWatcher.RepoWatcherIntents;
				PRODUCT_NAME = "$(TARGET_NAME)";
				SKIP_INSTALL = YES;
				SWIFT_EMIT_LOC_STRINGS = YES;
				SWIFT_VERSION = 5.0;
				TARGETED_DEVICE_FAMILY = "1,2";
			};
			name = Release;
		};
		B9F7281D29AFE49E007E8264 /* Debug */ = {
			isa = XCBuildConfiguration;
			buildSettings = {
				ALWAYS_SEARCH_USER_PATHS = NO;
				CLANG_ANALYZER_NONNULL = YES;
				CLANG_ANALYZER_NUMBER_OBJECT_CONVERSION = YES_AGGRESSIVE;
				CLANG_CXX_LANGUAGE_STANDARD = "gnu++20";
				CLANG_ENABLE_MODULES = YES;
				CLANG_ENABLE_OBJC_ARC = YES;
				CLANG_ENABLE_OBJC_WEAK = YES;
				CLANG_WARN_BLOCK_CAPTURE_AUTORELEASING = YES;
				CLANG_WARN_BOOL_CONVERSION = YES;
				CLANG_WARN_COMMA = YES;
				CLANG_WARN_CONSTANT_CONVERSION = YES;
				CLANG_WARN_DEPRECATED_OBJC_IMPLEMENTATIONS = YES;
				CLANG_WARN_DIRECT_OBJC_ISA_USAGE = YES_ERROR;
				CLANG_WARN_DOCUMENTATION_COMMENTS = YES;
				CLANG_WARN_EMPTY_BODY = YES;
				CLANG_WARN_ENUM_CONVERSION = YES;
				CLANG_WARN_INFINITE_RECURSION = YES;
				CLANG_WARN_INT_CONVERSION = YES;
				CLANG_WARN_NON_LITERAL_NULL_CONVERSION = YES;
				CLANG_WARN_OBJC_IMPLICIT_RETAIN_SELF = YES;
				CLANG_WARN_OBJC_LITERAL_CONVERSION = YES;
				CLANG_WARN_OBJC_ROOT_CLASS = YES_ERROR;
				CLANG_WARN_QUOTED_INCLUDE_IN_FRAMEWORK_HEADER = YES;
				CLANG_WARN_RANGE_LOOP_ANALYSIS = YES;
				CLANG_WARN_STRICT_PROTOTYPES = YES;
				CLANG_WARN_SUSPICIOUS_MOVE = YES;
				CLANG_WARN_UNGUARDED_AVAILABILITY = YES_AGGRESSIVE;
				CLANG_WARN_UNREACHABLE_CODE = YES;
				CLANG_WARN__DUPLICATE_METHOD_MATCH = YES;
				COPY_PHASE_STRIP = NO;
				DEBUG_INFORMATION_FORMAT = dwarf;
				ENABLE_STRICT_OBJC_MSGSEND = YES;
				ENABLE_TESTABILITY = YES;
				GCC_C_LANGUAGE_STANDARD = gnu11;
				GCC_DYNAMIC_NO_PIC = NO;
				GCC_NO_COMMON_BLOCKS = YES;
				GCC_OPTIMIZATION_LEVEL = 0;
				GCC_PREPROCESSOR_DEFINITIONS = (
					"DEBUG=1",
					"$(inherited)",
				);
				GCC_WARN_64_TO_32_BIT_CONVERSION = YES;
				GCC_WARN_ABOUT_RETURN_TYPE = YES_ERROR;
				GCC_WARN_UNDECLARED_SELECTOR = YES;
				GCC_WARN_UNINITIALIZED_AUTOS = YES_AGGRESSIVE;
				GCC_WARN_UNUSED_FUNCTION = YES;
				GCC_WARN_UNUSED_VARIABLE = YES;
				IPHONEOS_DEPLOYMENT_TARGET = 16.2;
				MTL_ENABLE_DEBUG_INFO = INCLUDE_SOURCE;
				MTL_FAST_MATH = YES;
				ONLY_ACTIVE_ARCH = YES;
				SDKROOT = iphoneos;
				SWIFT_ACTIVE_COMPILATION_CONDITIONS = DEBUG;
				SWIFT_OPTIMIZATION_LEVEL = "-Onone";
			};
			name = Debug;
		};
		B9F7281E29AFE49E007E8264 /* Release */ = {
			isa = XCBuildConfiguration;
			buildSettings = {
				ALWAYS_SEARCH_USER_PATHS = NO;
				CLANG_ANALYZER_NONNULL = YES;
				CLANG_ANALYZER_NUMBER_OBJECT_CONVERSION = YES_AGGRESSIVE;
				CLANG_CXX_LANGUAGE_STANDARD = "gnu++20";
				CLANG_ENABLE_MODULES = YES;
				CLANG_ENABLE_OBJC_ARC = YES;
				CLANG_ENABLE_OBJC_WEAK = YES;
				CLANG_WARN_BLOCK_CAPTURE_AUTORELEASING = YES;
				CLANG_WARN_BOOL_CONVERSION = YES;
				CLANG_WARN_COMMA = YES;
				CLANG_WARN_CONSTANT_CONVERSION = YES;
				CLANG_WARN_DEPRECATED_OBJC_IMPLEMENTATIONS = YES;
				CLANG_WARN_DIRECT_OBJC_ISA_USAGE = YES_ERROR;
				CLANG_WARN_DOCUMENTATION_COMMENTS = YES;
				CLANG_WARN_EMPTY_BODY = YES;
				CLANG_WARN_ENUM_CONVERSION = YES;
				CLANG_WARN_INFINITE_RECURSION = YES;
				CLANG_WARN_INT_CONVERSION = YES;
				CLANG_WARN_NON_LITERAL_NULL_CONVERSION = YES;
				CLANG_WARN_OBJC_IMPLICIT_RETAIN_SELF = YES;
				CLANG_WARN_OBJC_LITERAL_CONVERSION = YES;
				CLANG_WARN_OBJC_ROOT_CLASS = YES_ERROR;
				CLANG_WARN_QUOTED_INCLUDE_IN_FRAMEWORK_HEADER = YES;
				CLANG_WARN_RANGE_LOOP_ANALYSIS = YES;
				CLANG_WARN_STRICT_PROTOTYPES = YES;
				CLANG_WARN_SUSPICIOUS_MOVE = YES;
				CLANG_WARN_UNGUARDED_AVAILABILITY = YES_AGGRESSIVE;
				CLANG_WARN_UNREACHABLE_CODE = YES;
				CLANG_WARN__DUPLICATE_METHOD_MATCH = YES;
				COPY_PHASE_STRIP = NO;
				DEBUG_INFORMATION_FORMAT = "dwarf-with-dsym";
				ENABLE_NS_ASSERTIONS = NO;
				ENABLE_STRICT_OBJC_MSGSEND = YES;
				GCC_C_LANGUAGE_STANDARD = gnu11;
				GCC_NO_COMMON_BLOCKS = YES;
				GCC_WARN_64_TO_32_BIT_CONVERSION = YES;
				GCC_WARN_ABOUT_RETURN_TYPE = YES_ERROR;
				GCC_WARN_UNDECLARED_SELECTOR = YES;
				GCC_WARN_UNINITIALIZED_AUTOS = YES_AGGRESSIVE;
				GCC_WARN_UNUSED_FUNCTION = YES;
				GCC_WARN_UNUSED_VARIABLE = YES;
				IPHONEOS_DEPLOYMENT_TARGET = 16.2;
				MTL_ENABLE_DEBUG_INFO = NO;
				MTL_FAST_MATH = YES;
				SDKROOT = iphoneos;
				SWIFT_COMPILATION_MODE = wholemodule;
				SWIFT_OPTIMIZATION_LEVEL = "-O";
				VALIDATE_PRODUCT = YES;
			};
			name = Release;
		};
		B9F7282029AFE49E007E8264 /* Debug */ = {
			isa = XCBuildConfiguration;
			buildSettings = {
				ALWAYS_EMBED_SWIFT_STANDARD_LIBRARIES = YES;
				ASSETCATALOG_COMPILER_APPICON_NAME = AppIcon;
				ASSETCATALOG_COMPILER_GLOBAL_ACCENT_COLOR_NAME = AccentColor;
				CODE_SIGN_ENTITLEMENTS = RepoWatcher/RepoWatcher.entitlements;
				CODE_SIGN_STYLE = Automatic;
				CURRENT_PROJECT_VERSION = 1;
				DEVELOPMENT_ASSET_PATHS = "\"RepoWatcher/Preview Content\"";
				DEVELOPMENT_TEAM = 6ADU7T5Q7V;
				ENABLE_PREVIEWS = YES;
				GENERATE_INFOPLIST_FILE = YES;
				INFOPLIST_FILE = RepoWatcher/Info.plist;
				INFOPLIST_KEY_UIApplicationSceneManifest_Generation = YES;
				INFOPLIST_KEY_UIApplicationSupportsIndirectInputEvents = YES;
				INFOPLIST_KEY_UILaunchScreen_Generation = YES;
				INFOPLIST_KEY_UISupportedInterfaceOrientations_iPad = "UIInterfaceOrientationPortrait UIInterfaceOrientationPortraitUpsideDown UIInterfaceOrientationLandscapeLeft UIInterfaceOrientationLandscapeRight";
				INFOPLIST_KEY_UISupportedInterfaceOrientations_iPhone = "UIInterfaceOrientationPortrait UIInterfaceOrientationLandscapeLeft UIInterfaceOrientationLandscapeRight";
				LD_RUNPATH_SEARCH_PATHS = (
					"$(inherited)",
					"@executable_path/Frameworks",
				);
				MARKETING_VERSION = 1.0;
				PRODUCT_BUNDLE_IDENTIFIER = com.daniel.RepoWatcher;
				PRODUCT_NAME = "$(TARGET_NAME)";
				SWIFT_EMIT_LOC_STRINGS = YES;
				SWIFT_VERSION = 5.0;
				TARGETED_DEVICE_FAMILY = "1,2";
			};
			name = Debug;
		};
		B9F7282129AFE49E007E8264 /* Release */ = {
			isa = XCBuildConfiguration;
			buildSettings = {
				ALWAYS_EMBED_SWIFT_STANDARD_LIBRARIES = YES;
				ASSETCATALOG_COMPILER_APPICON_NAME = AppIcon;
				ASSETCATALOG_COMPILER_GLOBAL_ACCENT_COLOR_NAME = AccentColor;
				CODE_SIGN_ENTITLEMENTS = RepoWatcher/RepoWatcher.entitlements;
				CODE_SIGN_STYLE = Automatic;
				CURRENT_PROJECT_VERSION = 1;
				DEVELOPMENT_ASSET_PATHS = "\"RepoWatcher/Preview Content\"";
				DEVELOPMENT_TEAM = 6ADU7T5Q7V;
				ENABLE_PREVIEWS = YES;
				GENERATE_INFOPLIST_FILE = YES;
				INFOPLIST_FILE = RepoWatcher/Info.plist;
				INFOPLIST_KEY_UIApplicationSceneManifest_Generation = YES;
				INFOPLIST_KEY_UIApplicationSupportsIndirectInputEvents = YES;
				INFOPLIST_KEY_UILaunchScreen_Generation = YES;
				INFOPLIST_KEY_UISupportedInterfaceOrientations_iPad = "UIInterfaceOrientationPortrait UIInterfaceOrientationPortraitUpsideDown UIInterfaceOrientationLandscapeLeft UIInterfaceOrientationLandscapeRight";
				INFOPLIST_KEY_UISupportedInterfaceOrientations_iPhone = "UIInterfaceOrientationPortrait UIInterfaceOrientationLandscapeLeft UIInterfaceOrientationLandscapeRight";
				LD_RUNPATH_SEARCH_PATHS = (
					"$(inherited)",
					"@executable_path/Frameworks",
				);
				MARKETING_VERSION = 1.0;
				PRODUCT_BUNDLE_IDENTIFIER = com.daniel.RepoWatcher;
				PRODUCT_NAME = "$(TARGET_NAME)";
				SWIFT_EMIT_LOC_STRINGS = YES;
				SWIFT_VERSION = 5.0;
				TARGETED_DEVICE_FAMILY = "1,2";
			};
			name = Release;
		};
		B9F7283829AFE5AA007E8264 /* Debug */ = {
			isa = XCBuildConfiguration;
			buildSettings = {
				ASSETCATALOG_COMPILER_GLOBAL_ACCENT_COLOR_NAME = AccentColor;
				ASSETCATALOG_COMPILER_WIDGET_BACKGROUND_COLOR_NAME = WidgetBackground;
				CODE_SIGN_STYLE = Automatic;
				CURRENT_PROJECT_VERSION = 1;
				DEVELOPMENT_TEAM = 6ADU7T5Q7V;
				GENERATE_INFOPLIST_FILE = YES;
				INFOPLIST_FILE = RepoWatcherWidget/Info.plist;
				INFOPLIST_KEY_CFBundleDisplayName = RepoWatcherWidget;
				INFOPLIST_KEY_NSHumanReadableCopyright = "";
				LD_RUNPATH_SEARCH_PATHS = (
					"$(inherited)",
					"@executable_path/Frameworks",
					"@executable_path/../../Frameworks",
				);
				MARKETING_VERSION = 1.0;
				PRODUCT_BUNDLE_IDENTIFIER = com.daniel.RepoWatcher.RepoWatcherWidget;
				PRODUCT_NAME = "$(TARGET_NAME)";
				SKIP_INSTALL = YES;
				SWIFT_EMIT_LOC_STRINGS = YES;
				SWIFT_VERSION = 5.0;
				TARGETED_DEVICE_FAMILY = "1,2";
			};
			name = Debug;
		};
		B9F7283929AFE5AA007E8264 /* Release */ = {
			isa = XCBuildConfiguration;
			buildSettings = {
				ASSETCATALOG_COMPILER_GLOBAL_ACCENT_COLOR_NAME = AccentColor;
				ASSETCATALOG_COMPILER_WIDGET_BACKGROUND_COLOR_NAME = WidgetBackground;
				CODE_SIGN_STYLE = Automatic;
				CURRENT_PROJECT_VERSION = 1;
				DEVELOPMENT_TEAM = 6ADU7T5Q7V;
				GENERATE_INFOPLIST_FILE = YES;
				INFOPLIST_FILE = RepoWatcherWidget/Info.plist;
				INFOPLIST_KEY_CFBundleDisplayName = RepoWatcherWidget;
				INFOPLIST_KEY_NSHumanReadableCopyright = "";
				LD_RUNPATH_SEARCH_PATHS = (
					"$(inherited)",
					"@executable_path/Frameworks",
					"@executable_path/../../Frameworks",
				);
				MARKETING_VERSION = 1.0;
				PRODUCT_BUNDLE_IDENTIFIER = com.daniel.RepoWatcher.RepoWatcherWidget;
				PRODUCT_NAME = "$(TARGET_NAME)";
				SKIP_INSTALL = YES;
				SWIFT_EMIT_LOC_STRINGS = YES;
				SWIFT_VERSION = 5.0;
				TARGETED_DEVICE_FAMILY = "1,2";
			};
			name = Release;
		};
/* End XCBuildConfiguration section */

/* Begin XCConfigurationList section */
		B95DBD1929C6AC26006A6ADD /* Build configuration list for PBXNativeTarget "RepoWatcherIntents" */ = {
			isa = XCConfigurationList;
			buildConfigurations = (
				B95DBD1A29C6AC26006A6ADD /* Debug */,
				B95DBD1B29C6AC26006A6ADD /* Release */,
			);
			defaultConfigurationIsVisible = 0;
			defaultConfigurationName = Release;
		};
		B9F7280C29AFE49E007E8264 /* Build configuration list for PBXProject "RepoWatcher" */ = {
			isa = XCConfigurationList;
			buildConfigurations = (
				B9F7281D29AFE49E007E8264 /* Debug */,
				B9F7281E29AFE49E007E8264 /* Release */,
			);
			defaultConfigurationIsVisible = 0;
			defaultConfigurationName = Release;
		};
		B9F7281F29AFE49E007E8264 /* Build configuration list for PBXNativeTarget "RepoWatcher" */ = {
			isa = XCConfigurationList;
			buildConfigurations = (
				B9F7282029AFE49E007E8264 /* Debug */,
				B9F7282129AFE49E007E8264 /* Release */,
			);
			defaultConfigurationIsVisible = 0;
			defaultConfigurationName = Release;
		};
		B9F7283729AFE5AA007E8264 /* Build configuration list for PBXNativeTarget "RepoWatcherWidgetExtension" */ = {
			isa = XCConfigurationList;
			buildConfigurations = (
				B9F7283829AFE5AA007E8264 /* Debug */,
				B9F7283929AFE5AA007E8264 /* Release */,
			);
			defaultConfigurationIsVisible = 0;
			defaultConfigurationName = Release;
		};
/* End XCConfigurationList section */

/* Begin XCRemoteSwiftPackageReference section */
		B9F7284129B1CE17007E8264 /* XCRemoteSwiftPackageReference "SwiftUIBuddy" */ = {
			isa = XCRemoteSwiftPackageReference;
			repositoryURL = "https://github.com/Daniel-Berezhnoy/SwiftUIBuddy";
			requirement = {
				kind = upToNextMajorVersion;
				minimumVersion = 1.0.0;
			};
		};
/* End XCRemoteSwiftPackageReference section */

/* Begin XCSwiftPackageProductDependency section */
		B9F7284229B1CE17007E8264 /* SwiftUIBuddy */ = {
			isa = XCSwiftPackageProductDependency;
			package = B9F7284129B1CE17007E8264 /* XCRemoteSwiftPackageReference "SwiftUIBuddy" */;
			productName = SwiftUIBuddy;
		};
/* End XCSwiftPackageProductDependency section */
	};
	rootObject = B9F7280929AFE49E007E8264 /* Project object */;
}
